# This file is autogenerated, do not edit; changes may be undone by the next 'dep ensure'.


[[projects]]
  branch = "master"
  digest = "1:895df0b5bb7ad1e98134bd65071fb4bc3d738d0f1a8f3ed4fc9286988e79712d"
  name = "9fans.net/go"
  packages = [
    "acme",
    "draw",
    "draw/drawfcall",
    "plan9",
    "plan9/client",
    "plumb",
  ]
  pruneopts = ""
  revision = "5d4fa602e1e8820d8a73a56ced51938563c1cf7e"

[[projects]]
  branch = "master"
  digest = "1:c3d36d981e80e3821512eadbc00ed28869dd17bfd40d21e06d79d56c629735f6"
  name = "golang.org/x/tools"
  packages = ["cmd/guru/serial"]
  pruneopts = ""
  revision = "18207bb12d3a3338e74403fed8ca1ba866dd3a57"

[solve-meta]
  analyzer-name = "dep"
  analyzer-version = 1
  input-imports = [
    "9fans.net/go/acme",
    "9fans.net/go/plan9",
    "9fans.net/go/plumb",
    "golang.org/x/tools/cmd/guru/serial",
  ]
  solver-name = "gps-cdcl"
  solver-version = 1
