# This file is autogenerated, do not edit; changes may be undone by the next 'dep ensure'.


[[projects]]
  branch = "master"
  name = "9fans.net/go"
  packages = [
    "acme",
    "plan9",
    "plan9/client",
    "plumb"
  ]
  revision = "65b8cf069318223b1e722b4b36e729e5e9bb9eab"

[[projects]]
  branch = "master"
  name = "golang.org/x/tools"
  packages = ["cmd/guru/serial"]
  revision = "fd2d2c45eb2dff7b87eab4303a1016b4dbf95e81"

[solve-meta]
  analyzer-name = "dep"
  analyzer-version = 1
  inputs-digest = "a493f2995d8e0b46fd621420f2eb2a8f32170f968ae184827c1af298418f8495"
  solver-name = "gps-cdcl"
  solver-version = 1
